
Microsoft Visual Studio Solution File, Format Version 12.00
# Visual Studio Version 16
VisualStudioVersion = 16.0.31019.35
MinimumVisualStudioVersion = 10.0.40219.1
Project("{FAE04EC0-301F-11D3-BF4B-00C04F79EFBC}") = "Proyecto Pharmacy Online", "Proyecto Pharmacy Online\Proyecto Pharmacy Online.csproj", "{37A5BA9E-5865-4E0F-81B7-3D64AC27581B}"
EndProject
Global
	GlobalSection(SolutionConfigurationPlatforms) = preSolution
		Debug|Any CPU = Debug|Any CPU
		Release|Any CPU = Release|Any CPU
	EndGlobalSection
	GlobalSection(ProjectConfigurationPlatforms) = postSolution
		{37A5BA9E-5865-4E0F-81B7-3D64AC27581B}.Debug|Any CPU.ActiveCfg = Debug|Any CPU
		{37A5BA9E-5865-4E0F-81B7-3D64AC27581B}.Debug|Any CPU.Build.0 = Debug|Any CPU
		{37A5BA9E-5865-4E0F-81B7-3D64AC27581B}.Release|Any CPU.ActiveCfg = Release|Any CPU
		{37A5BA9E-5865-4E0F-81B7-3D64AC27581B}.Release|Any CPU.Build.0 = Release|Any CPU
	EndGlobalSection
	GlobalSection(SolutionProperties) = preSolution
		HideSolutionNode = FALSE
	EndGlobalSection
	GlobalSection(ExtensibilityGlobals) = postSolution
		SolutionGuid = {54B09694-48C4-402E-B999-B47261B5E111}
	EndGlobalSection
EndGlobal
